lockfileVersion: 5.3

specifiers:
  rollup: ^2.75.5
  rollup-plugin-peer-deps-external: ^2.2.4
  rollup-plugin-vue: ^6.0.0

devDependencies:
  rollup: 2.75.5
  rollup-plugin-peer-deps-external: 2.2.4_rollup@2.75.5
  rollup-plugin-vue: 6.0.0

packages:

  /debug/4.3.4:
    resolution: {integrity: sha512-PRWFHuSU3eDtQJPvnNY7Jcket1j0t5OuOsFzPPzsekD52Zl8qUfFIPEiswXqIvHWGVHOgX+7G/vCNNhehwxfkQ==}
    engines: {node: '>=6.0'}
    peerDependencies:
      supports-color: '*'
    peerDependenciesMeta:
      supports-color:
        optional: true
    dependencies:
      ms: 2.1.2
    dev: true

  /estree-walker/0.6.1:
    resolution: {integrity: sha512-SqmZANLWS0mnatqbSfRP5g8OXZC12Fgg1IwNtLsyHDzJizORW4khDfjPqJZsemPWBB2uqykUah5YpQ6epsqC/w==}
    dev: true

  /fsevents/2.3.2:
    resolution: {integrity: sha512-xiqMQR4xAeHTuB9uWm+fFRcIOgKBMiOBP+eXiyT7jsgVCq1bkVygt00oASowB7EdtpOHaaPgKt812P9ab+DDKA==}
    engines: {node: ^8.16.0 || ^10.6.0 || >=11.0.0}
    os: [darwin]
    requiresBuild: true
    dev: true
    optional: true

  /hash-sum/2.0.0:
    resolution: {integrity: sha512-WdZTbAByD+pHfl/g9QSsBIIwy8IT+EsPiKDs0KNX+zSHhdDLFKdZu0BQHljvO+0QI/BasbMSUa8wYNCZTvhslg==}
    dev: true

  /ms/2.1.2:
    resolution: {integrity: sha512-sGkPx+VjMtmA6MX27oA4FBFELFCZZ4S4XqeGOXCv68tT+jb3vk/RyaKWP0PTKyWtmLSM0b+adUTEvbs1PEaH2w==}
    dev: true

  /rollup-plugin-peer-deps-external/2.2.4_rollup@2.75.5:
    resolution: {integrity: sha512-AWdukIM1+k5JDdAqV/Cxd+nejvno2FVLVeZ74NKggm3Q5s9cbbcOgUPGdbxPi4BXu7xGaZ8HG12F+thImYu/0g==}
    peerDependencies:
      rollup: '*'
    dependencies:
      rollup: 2.75.5
    dev: true

  /rollup-plugin-vue/6.0.0:
    resolution: {integrity: sha512-oVvUd84d5u73M2HYM3XsMDLtZRIA/tw2U0dmHlXU2UWP5JARYHzh/U9vcxaN/x/9MrepY7VH3pHFeOhrWpxs/Q==}
    peerDependencies:
      '@vue/compiler-sfc': '*'
    dependencies:
      debug: 4.3.4
      hash-sum: 2.0.0
      rollup-pluginutils: 2.8.2
    transitivePeerDependencies:
      - supports-color
    dev: true

  /rollup-pluginutils/2.8.2:
    resolution: {integrity: sha512-EEp9NhnUkwY8aif6bxgovPHMoMoNr2FulJziTndpt5H9RdwC47GSGuII9XxpSdzVGM0GWrNPHV6ie1LTNJPaLQ==}
    dependencies:
      estree-walker: 0.6.1
    dev: true

  /rollup/2.75.5:
    resolution: {integrity: sha512-JzNlJZDison3o2mOxVmb44Oz7t74EfSd1SQrplQk0wSaXV7uLQXtVdHbxlcT3w+8tZ1TL4r/eLfc7nAbz38BBA==}
    engines: {node: '>=10.0.0'}
    hasBin: true
    optionalDependencies:
      fsevents: 2.3.2
    dev: true
